Microsoft Visual Studio Solution File, Format Version 12.00
# Visual Studio Version 17
VisualStudioVersion = 17.5.2.0
MinimumVisualStudioVersion = 10.0.40219.1
Project("{FAE04EC0-301F-11D3-BF4B-00C04F79EFBC}") = "Jellyfin.Plugin.Feliratok.Eu", "Jellyfin.Plugin.Feliratok.Eu\Jellyfin.Plugin.Feliratok.Eu.csproj", "{8A328EEC-60EE-AC20-D364-4B7E562579DA}"
EndProject
Global
	GlobalSection(SolutionConfigurationPlatforms) = preSolution
		Debug|Any CPU = Debug|Any CPU
		Release|Any CPU = Release|Any CPU
	EndGlobalSection
	GlobalSection(ProjectConfigurationPlatforms) = postSolution
		{8A328EEC-60EE-AC20-D364-4B7E562579DA}.Debug|Any CPU.ActiveCfg = Debug|Any CPU
		{8A328EEC-60EE-AC20-D364-4B7E562579DA}.Debug|Any CPU.Build.0 = Debug|Any CPU
		{8A328EEC-60EE-AC20-D364-4B7E562579DA}.Release|Any CPU.ActiveCfg = Release|Any CPU
		{8A328EEC-60EE-AC20-D364-4B7E562579DA}.Release|Any CPU.Build.0 = Release|Any CPU
	EndGlobalSection
	GlobalSection(SolutionProperties) = preSolution
		HideSolutionNode = FALSE
	EndGlobalSection
	GlobalSection(ExtensibilityGlobals) = postSolution
		SolutionGuid = {0261E0F1-235B-4F6E-9312-1AAAA7624552}
	EndGlobalSection
EndGlobal
